
Microsoft Visual Studio Solution File, Format Version 12.00
# Visual Studio Version 16
VisualStudioVersion = 16.0.30717.126
MinimumVisualStudioVersion = 10.0.40219.1
Project("{FAE04EC0-301F-11D3-BF4B-00C04F79EFBC}") = "LinkShortenerDocker", "LinkShortenerDocker\LinkShortenerDocker.csproj", "{A905DC75-D99E-4D0F-A535-08ED7677710E}"
EndProject
Global
	GlobalSection(SolutionConfigurationPlatforms) = preSolution
		Debug|Any CPU = Debug|Any CPU
		Release|Any CPU = Release|Any CPU
	EndGlobalSection
	GlobalSection(ProjectConfigurationPlatforms) = postSolution
		{A905DC75-D99E-4D0F-A535-08ED7677710E}.Debug|Any CPU.ActiveCfg = Debug|Any CPU
		{A905DC75-D99E-4D0F-A535-08ED7677710E}.Debug|Any CPU.Build.0 = Debug|Any CPU
		{A905DC75-D99E-4D0F-A535-08ED7677710E}.Release|Any CPU.ActiveCfg = Release|Any CPU
		{A905DC75-D99E-4D0F-A535-08ED7677710E}.Release|Any CPU.Build.0 = Release|Any CPU
	EndGlobalSection
	GlobalSection(SolutionProperties) = preSolution
		HideSolutionNode = FALSE
	EndGlobalSection
	GlobalSection(ExtensibilityGlobals) = postSolution
		SolutionGuid = {E91E0E45-BF66-418C-A288-1127A07D7157}
	EndGlobalSection
EndGlobal
